
Microsoft Visual Studio Solution File, Format Version 12.00
# Visual Studio 15
VisualStudioVersion = 15.0.26228.13
MinimumVisualStudioVersion = 10.0.40219.1
Project("{FAE04EC0-301F-11D3-BF4B-00C04F79EFBC}") = "T1", "T1\T1.csproj", "{FA7D06D0-C0CC-49BA-B3CB-8B0F99863472}"
EndProject
Project("{2150E333-8FDC-42A3-9474-1A3956D46DE8}") = "T1.B1.Libraries", "T1.B1.Libraries", "{95DBE9FE-4104-4FCD-809A-4EEB1379A67B}"
EndProject
Project("{2150E333-8FDC-42A3-9474-1A3956D46DE8}") = "T1.GeneralClasses", "T1.GeneralClasses", "{9DC13552-85E5-4D8C-AFAD-A85640E676B6}"
EndProject
Project("{FAE04EC0-301F-11D3-BF4B-00C04F79EFBC}") = "T1.B1.Metadata", "T1.B1.Libraries\Metadata\T1.B1.Metadata.csproj", "{312104D3-CD3B-48DF-B3A7-9FAACED5C730}"
EndProject
Project("{FAE04EC0-301F-11D3-BF4B-00C04F79EFBC}") = "T1.Config", "T1.GeneralClasses\Settings\T1.Config.csproj", "{8DED118E-19E8-456C-A48F-621C098482AE}"
EndProject
Project("{FAE04EC0-301F-11D3-BF4B-00C04F79EFBC}") = "T1.B1.Connection", "T1.B1.Libraries\Connection\T1.B1.Connection.csproj", "{62276D51-5501-4B97-AC96-BB4E6EC2A58B}"
EndProject
Project("{FAE04EC0-301F-11D3-BF4B-00C04F79EFBC}") = "T1.CacheManager", "CacheManager\T1.CacheManager.csproj", "{62593A87-9A80-4917-B56C-49AD8D28ED0D}"
EndProject
Project("{FAE04EC0-301F-11D3-BF4B-00C04F79EFBC}") = "T1.B1.MainObject", "T1.B1.Libraries\MainObject\T1.B1.MainObject.csproj", "{5D6F1452-B969-4110-8521-CF1FE3C9597B}"
EndProject
Project("{FAE04EC0-301F-11D3-BF4B-00C04F79EFBC}") = "T1.B1.InternalClasses", "T1.B1.Libraries\InternalClasses\T1.B1.InternalClasses.csproj", "{471C9F8E-4806-42F6-A8D9-6585B9D393FD}"
EndProject
Project("{FAE04EC0-301F-11D3-BF4B-00C04F79EFBC}") = "T1.B1.Base.InstallInfo", "T1.B1.Libraries\T1.B1.Base.InstallInfo\T1.B1.Base.InstallInfo.csproj", "{F7554A93-7D3E-4985-8FE0-493F3B955AF8}"
EndProject
Project("{FAE04EC0-301F-11D3-BF4B-00C04F79EFBC}") = "T1.B1.EventFilter", "T1.B1.Libraries\T1.B1.EventFilter\T1.B1.EventFilter.csproj", "{910DB75B-E9CE-4B76-A1A3-737B0E131CCD}"
EndProject
Project("{FAE04EC0-301F-11D3-BF4B-00C04F79EFBC}") = "T1.B1.EventManager", "T1.B1.Libraries\T1.B1.EventManager\T1.B1.EventManager.csproj", "{6126AD9B-089B-4A6C-B80D-B20B6022B20D}"
EndProject
Project("{FAE04EC0-301F-11D3-BF4B-00C04F79EFBC}") = "T1.B1.MenuManager", "T1.B1.Libraries\T1.B1.MenuManager\T1.B1.MenuManager.csproj", "{CEDC8726-ECE7-4696-BB9C-3BBF2CE65A63}"
EndProject
Project("{FAE04EC0-301F-11D3-BF4B-00C04F79EFBC}") = "T1.B1.WithholdingTax", "T1.B1.Libraries\T1.B1.WithholdingTax\T1.B1.WithholdingTax.csproj", "{F3952DAD-BC69-49AE-A1E8-7BE0B24CBF65}"
EndProject
Project("{FAE04EC0-301F-11D3-BF4B-00C04F79EFBC}") = "T1.Log", "T1.GeneralClasses\T1.Log\T1.Log.csproj", "{2BDA1180-4F79-4532-A339-2D1BB34C8437}"
EndProject
Project("{FAE04EC0-301F-11D3-BF4B-00C04F79EFBC}") = "T1.B1.Base.UIOperations", "T1.B1.Libraries\T1.B1.Base.UIOperations\T1.B1.Base.UIOperations.csproj", "{80F662E3-3499-4678-952E-BED877E98B7F}"
EndProject
Project("{FAE04EC0-301F-11D3-BF4B-00C04F79EFBC}") = "T1.B1.MediosMagneticos", "T1.B1.Libraries\T1.B1.MediosMagneticos\T1.B1.MediosMagneticos.csproj", "{9839B8AE-5362-4CF4-86FD-2E51C34267AD}"
EndProject
Project("{FAE04EC0-301F-11D3-BF4B-00C04F79EFBC}") = "T1.B1.Base.DIOperations", "T1.B1.Libraries\T1.B1.Base.DIOperations\T1.B1.Base.DIOperations.csproj", "{77DD675D-7440-42D9-ACA1-087AE6AD1084}"
EndProject
Project("{FAE04EC0-301F-11D3-BF4B-00C04F79EFBC}") = "T1.B1.Expenses", "T1.B1.Libraries\T1.B1.Expenses\T1.B1.Expenses.csproj", "{AED3A1DE-9E63-4922-A085-57176507FEE5}"
EndProject
Project("{2150E333-8FDC-42A3-9474-1A3956D46DE8}") = "Admin Service", "Admin Service", "{71132F70-4534-47ED-B4FE-1854C1C4B84D}"
EndProject
Project("{2150E333-8FDC-42A3-9474-1A3956D46DE8}") = "B1 General Librairies", "B1 General Librairies", "{54861C91-0A66-4193-B24C-4CF6D6F059E7}"
EndProject
Project("{2150E333-8FDC-42A3-9474-1A3956D46DE8}") = "General Libraries", "General Libraries", "{FFC06B6F-EEF3-48B7-9374-82D74D849F65}"
EndProject
Project("{FAE04EC0-301F-11D3-BF4B-00C04F79EFBC}") = "T1.AdminService", "Admin Service\T1.AdminService\T1.AdminService.csproj", "{CB66F1F8-72F0-446F-B75F-8574AADD1FB8}"
EndProject
Project("{FAE04EC0-301F-11D3-BF4B-00C04F79EFBC}") = "T1.Log", "Admin Service\General Libraries\T1.Log\T1.Log.csproj", "{F96E1423-CBF8-48E8-AB91-5D6C3C752E63}"
EndProject
Project("{FAE04EC0-301F-11D3-BF4B-00C04F79EFBC}") = "T1.Cron", "Admin Service\General Libraries\T1.Cron\T1.Cron.csproj", "{1EE72E2D-2A6C-4421-A971-B2665AF00E15}"
EndProject
Project("{FAE04EC0-301F-11D3-BF4B-00C04F79EFBC}") = "T1.InstanceLoader", "Admin Service\General Libraries\T1.InstanceLoader\T1.InstanceLoader.csproj", "{56F4568F-038F-4605-9BEF-6ED8B6FB4203}"
EndProject
Project("{FAE04EC0-301F-11D3-BF4B-00C04F79EFBC}") = "T1.B1.Connection", "Admin Service\B1 General Libraries\Connection\T1.B1.Connection.csproj", "{9DB57B2D-ECAC-4FDB-A922-3BDED16DF67C}"
EndProject
Project("{2150E333-8FDC-42A3-9474-1A3956D46DE8}") = "B1 AddOn", "B1 AddOn", "{0B68CE42-4F1F-48F8-861F-8B48148B7408}"
EndProject
Project("{FAE04EC0-301F-11D3-BF4B-00C04F79EFBC}") = "T1.DBManager", "Admin Service\General Libraries\DBManager\T1.DBManager.csproj", "{89234F31-8489-4538-A21D-18E2A9E45187}"
EndProject
Project("{FAE04EC0-301F-11D3-BF4B-00C04F79EFBC}") = "T1.B1.ObjectReader", "Admin Service\B1 General Libraries\ObjectReader\T1.B1.ObjectReader.csproj", "{D7E1AB92-FAA0-4767-BE1F-ABAB2B672FB7}"
EndProject
Project("{2150E333-8FDC-42A3-9474-1A3956D46DE8}") = "Shared Libraries", "Shared Libraries", "{1780A763-977E-4523-90AD-4944EB7D8464}"
EndProject
Project("{FAE04EC0-301F-11D3-BF4B-00C04F79EFBC}") = "T1.Shared.Classes", "Admin Service\Shared Libraries\T1.Shared.Classes\T1.Shared.Classes.csproj", "{18AEC3E9-EA30-4BF8-A1C6-8AF5A94CE840}"
EndProject
Project("{2150E333-8FDC-42A3-9474-1A3956D46DE8}") = "B1 Libraries", "B1 Libraries", "{022E26C9-1F45-4C0C-BA07-943B1247AAAF}"
EndProject
Project("{FAE04EC0-301F-11D3-BF4B-00C04F79EFBC}") = "T1.B1.JournalEntry", "Admin Service\B1 Libraries\T1.B1.JournalEntry\T1.B1.JournalEntry.csproj", "{D102594E-085D-4879-AB45-AC4F125D29A3}"
EndProject
Project("{FAE04EC0-301F-11D3-BF4B-00C04F79EFBC}") = "T1.B1.ReletadParties", "T1.B1.Libraries\T1.B1.ReletadParties\T1.B1.ReletadParties.csproj", "{31BB74DE-A0AE-4697-A40B-866C803406AC}"
EndProject
Project("{FAE04EC0-301F-11D3-BF4B-00C04F79EFBC}") = "T1.B1.InformesTerceros", "T1.B1.Libraries\T1.B1.InformesTerceros\T1.B1.InformesTerceros.csproj", "{AFF54B97-9E3E-4839-BECB-3FD003097713}"
EndProject
Project("{FAE04EC0-301F-11D3-BF4B-00C04F79EFBC}") = "T1.InstallInfo", "Admin Service\General Libraries\T1.InstallInfo\T1.InstallInfo.csproj", "{76C39CBA-F6A9-43F3-9B8B-503DC1B7E5C3}"
EndProject
Global
	GlobalSection(SolutionConfigurationPlatforms) = preSolution
		Debug|Any CPU = Debug|Any CPU
		Debug|x64 = Debug|x64
		Debug|x86 = Debug|x86
		Release|Any CPU = Release|Any CPU
		Release|x64 = Release|x64
		Release|x86 = Release|x86
	EndGlobalSection
	GlobalSection(ProjectConfigurationPlatforms) = postSolution
		{FA7D06D0-C0CC-49BA-B3CB-8B0F99863472}.Debug|Any CPU.ActiveCfg = Debug|x86
		{FA7D06D0-C0CC-49BA-B3CB-8B0F99863472}.Debug|x64.ActiveCfg = Debug|x64
		{FA7D06D0-C0CC-49BA-B3CB-8B0F99863472}.Debug|x64.Build.0 = Debug|x64
		{FA7D06D0-C0CC-49BA-B3CB-8B0F99863472}.Debug|x86.ActiveCfg = Debug|x86
		{FA7D06D0-C0CC-49BA-B3CB-8B0F99863472}.Debug|x86.Build.0 = Debug|x86
		{FA7D06D0-C0CC-49BA-B3CB-8B0F99863472}.Release|Any CPU.ActiveCfg = Release|x86
		{FA7D06D0-C0CC-49BA-B3CB-8B0F99863472}.Release|x64.ActiveCfg = Release|x64
		{FA7D06D0-C0CC-49BA-B3CB-8B0F99863472}.Release|x64.Build.0 = Release|x64
		{FA7D06D0-C0CC-49BA-B3CB-8B0F99863472}.Release|x86.ActiveCfg = Release|x86
		{FA7D06D0-C0CC-49BA-B3CB-8B0F99863472}.Release|x86.Build.0 = Release|x86
		{312104D3-CD3B-48DF-B3A7-9FAACED5C730}.Debug|Any CPU.ActiveCfg = Debug|x86
		{312104D3-CD3B-48DF-B3A7-9FAACED5C730}.Debug|x64.ActiveCfg = Debug|x64
		{312104D3-CD3B-48DF-B3A7-9FAACED5C730}.Debug|x64.Build.0 = Debug|x64
		{312104D3-CD3B-48DF-B3A7-9FAACED5C730}.Debug|x86.ActiveCfg = Debug|x86
		{312104D3-CD3B-48DF-B3A7-9FAACED5C730}.Debug|x86.Build.0 = Debug|x86
		{312104D3-CD3B-48DF-B3A7-9FAACED5C730}.Release|Any CPU.ActiveCfg = Release|x86
		{312104D3-CD3B-48DF-B3A7-9FAACED5C730}.Release|x64.ActiveCfg = Release|x64
		{312104D3-CD3B-48DF-B3A7-9FAACED5C730}.Release|x64.Build.0 = Release|x64
		{312104D3-CD3B-48DF-B3A7-9FAACED5C730}.Release|x86.ActiveCfg = Release|x86
		{312104D3-CD3B-48DF-B3A7-9FAACED5C730}.Release|x86.Build.0 = Release|x86
		{8DED118E-19E8-456C-A48F-621C098482AE}.Debug|Any CPU.ActiveCfg = Debug|x86
		{8DED118E-19E8-456C-A48F-621C098482AE}.Debug|x64.ActiveCfg = Debug|x64
		{8DED118E-19E8-456C-A48F-621C098482AE}.Debug|x64.Build.0 = Debug|x64
		{8DED118E-19E8-456C-A48F-621C098482AE}.Debug|x86.ActiveCfg = Debug|x86
		{8DED118E-19E8-456C-A48F-621C098482AE}.Debug|x86.Build.0 = Debug|x86
		{8DED118E-19E8-456C-A48F-621C098482AE}.Release|Any CPU.ActiveCfg = Release|x86
		{8DED118E-19E8-456C-A48F-621C098482AE}.Release|x64.ActiveCfg = Release|x64
		{8DED118E-19E8-456C-A48F-621C098482AE}.Release|x64.Build.0 = Release|x64
		{8DED118E-19E8-456C-A48F-621C098482AE}.Release|x86.ActiveCfg = Release|x86
		{8DED118E-19E8-456C-A48F-621C098482AE}.Release|x86.Build.0 = Release|x86
		{62276D51-5501-4B97-AC96-BB4E6EC2A58B}.Debug|Any CPU.ActiveCfg = Debug|x86
		{62276D51-5501-4B97-AC96-BB4E6EC2A58B}.Debug|x64.ActiveCfg = Debug|x64
		{62276D51-5501-4B97-AC96-BB4E6EC2A58B}.Debug|x64.Build.0 = Debug|x64
		{62276D51-5501-4B97-AC96-BB4E6EC2A58B}.Debug|x86.ActiveCfg = Debug|x86
		{62276D51-5501-4B97-AC96-BB4E6EC2A58B}.Debug|x86.Build.0 = Debug|x86
		{62276D51-5501-4B97-AC96-BB4E6EC2A58B}.Release|Any CPU.ActiveCfg = Release|x86
		{62276D51-5501-4B97-AC96-BB4E6EC2A58B}.Release|x64.ActiveCfg = Release|x64
		{62276D51-5501-4B97-AC96-BB4E6EC2A58B}.Release|x64.Build.0 = Release|x64
		{62276D51-5501-4B97-AC96-BB4E6EC2A58B}.Release|x86.ActiveCfg = Release|x86
		{62276D51-5501-4B97-AC96-BB4E6EC2A58B}.Release|x86.Build.0 = Release|x86
		{62593A87-9A80-4917-B56C-49AD8D28ED0D}.Debug|Any CPU.ActiveCfg = Debug|x86
		{62593A87-9A80-4917-B56C-49AD8D28ED0D}.Debug|x64.ActiveCfg = Debug|x64
		{62593A87-9A80-4917-B56C-49AD8D28ED0D}.Debug|x64.Build.0 = Debug|x64
		{62593A87-9A80-4917-B56C-49AD8D28ED0D}.Debug|x86.ActiveCfg = Debug|x86
		{62593A87-9A80-4917-B56C-49AD8D28ED0D}.Debug|x86.Build.0 = Debug|x86
		{62593A87-9A80-4917-B56C-49AD8D28ED0D}.Release|Any CPU.ActiveCfg = Release|x86
		{62593A87-9A80-4917-B56C-49AD8D28ED0D}.Release|x64.ActiveCfg = Release|x64
		{62593A87-9A80-4917-B56C-49AD8D28ED0D}.Release|x64.Build.0 = Release|x64
		{62593A87-9A80-4917-B56C-49AD8D28ED0D}.Release|x86.ActiveCfg = Release|x86
		{62593A87-9A80-4917-B56C-49AD8D28ED0D}.Release|x86.Build.0 = Release|x86
		{5D6F1452-B969-4110-8521-CF1FE3C9597B}.Debug|Any CPU.ActiveCfg = Debug|x86
		{5D6F1452-B969-4110-8521-CF1FE3C9597B}.Debug|x64.ActiveCfg = Debug|x64
		{5D6F1452-B969-4110-8521-CF1FE3C9597B}.Debug|x64.Build.0 = Debug|x64
		{5D6F1452-B969-4110-8521-CF1FE3C9597B}.Debug|x86.ActiveCfg = Debug|x86
		{5D6F1452-B969-4110-8521-CF1FE3C9597B}.Debug|x86.Build.0 = Debug|x86
		{5D6F1452-B969-4110-8521-CF1FE3C9597B}.Release|Any CPU.ActiveCfg = Release|x86
		{5D6F1452-B969-4110-8521-CF1FE3C9597B}.Release|x64.ActiveCfg = Release|x64
		{5D6F1452-B969-4110-8521-CF1FE3C9597B}.Release|x64.Build.0 = Release|x64
		{5D6F1452-B969-4110-8521-CF1FE3C9597B}.Release|x86.ActiveCfg = Release|x86
		{5D6F1452-B969-4110-8521-CF1FE3C9597B}.Release|x86.Build.0 = Release|x86
		{471C9F8E-4806-42F6-A8D9-6585B9D393FD}.Debug|Any CPU.ActiveCfg = Debug|x86
		{471C9F8E-4806-42F6-A8D9-6585B9D393FD}.Debug|x64.ActiveCfg = Debug|x64
		{471C9F8E-4806-42F6-A8D9-6585B9D393FD}.Debug|x64.Build.0 = Debug|x64
		{471C9F8E-4806-42F6-A8D9-6585B9D393FD}.Debug|x86.ActiveCfg = Debug|x86
		{471C9F8E-4806-42F6-A8D9-6585B9D393FD}.Debug|x86.Build.0 = Debug|x86
		{471C9F8E-4806-42F6-A8D9-6585B9D393FD}.Release|Any CPU.ActiveCfg = Release|x86
		{471C9F8E-4806-42F6-A8D9-6585B9D393FD}.Release|x64.ActiveCfg = Release|x64
		{471C9F8E-4806-42F6-A8D9-6585B9D393FD}.Release|x64.Build.0 = Release|x64
		{471C9F8E-4806-42F6-A8D9-6585B9D393FD}.Release|x86.ActiveCfg = Release|x86
		{471C9F8E-4806-42F6-A8D9-6585B9D393FD}.Release|x86.Build.0 = Release|x86
		{F7554A93-7D3E-4985-8FE0-493F3B955AF8}.Debug|Any CPU.ActiveCfg = Debug|x86
		{F7554A93-7D3E-4985-8FE0-493F3B955AF8}.Debug|x64.ActiveCfg = Debug|x64
		{F7554A93-7D3E-4985-8FE0-493F3B955AF8}.Debug|x64.Build.0 = Debug|x64
		{F7554A93-7D3E-4985-8FE0-493F3B955AF8}.Debug|x86.ActiveCfg = Debug|x86
		{F7554A93-7D3E-4985-8FE0-493F3B955AF8}.Debug|x86.Build.0 = Debug|x86
		{F7554A93-7D3E-4985-8FE0-493F3B955AF8}.Release|Any CPU.ActiveCfg = Release|x86
		{F7554A93-7D3E-4985-8FE0-493F3B955AF8}.Release|x64.ActiveCfg = Release|x64
		{F7554A93-7D3E-4985-8FE0-493F3B955AF8}.Release|x64.Build.0 = Release|x64
		{F7554A93-7D3E-4985-8FE0-493F3B955AF8}.Release|x86.ActiveCfg = Release|x86
		{F7554A93-7D3E-4985-8FE0-493F3B955AF8}.Release|x86.Build.0 = Release|x86
		{910DB75B-E9CE-4B76-A1A3-737B0E131CCD}.Debug|Any CPU.ActiveCfg = Debug|x86
		{910DB75B-E9CE-4B76-A1A3-737B0E131CCD}.Debug|x64.ActiveCfg = Debug|x64
		{910DB75B-E9CE-4B76-A1A3-737B0E131CCD}.Debug|x64.Build.0 = Debug|x64
		{910DB75B-E9CE-4B76-A1A3-737B0E131CCD}.Debug|x86.ActiveCfg = Debug|x86
		{910DB75B-E9CE-4B76-A1A3-737B0E131CCD}.Debug|x86.Build.0 = Debug|x86
		{910DB75B-E9CE-4B76-A1A3-737B0E131CCD}.Release|Any CPU.ActiveCfg = Release|x86
		{910DB75B-E9CE-4B76-A1A3-737B0E131CCD}.Release|x64.ActiveCfg = Release|x64
		{910DB75B-E9CE-4B76-A1A3-737B0E131CCD}.Release|x64.Build.0 = Release|x64
		{910DB75B-E9CE-4B76-A1A3-737B0E131CCD}.Release|x86.ActiveCfg = Release|x86
		{910DB75B-E9CE-4B76-A1A3-737B0E131CCD}.Release|x86.Build.0 = Release|x86
		{6126AD9B-089B-4A6C-B80D-B20B6022B20D}.Debug|Any CPU.ActiveCfg = Debug|x86
		{6126AD9B-089B-4A6C-B80D-B20B6022B20D}.Debug|x64.ActiveCfg = Debug|x64
		{6126AD9B-089B-4A6C-B80D-B20B6022B20D}.Debug|x64.Build.0 = Debug|x64
		{6126AD9B-089B-4A6C-B80D-B20B6022B20D}.Debug|x86.ActiveCfg = Debug|x86
		{6126AD9B-089B-4A6C-B80D-B20B6022B20D}.Debug|x86.Build.0 = Debug|x86
		{6126AD9B-089B-4A6C-B80D-B20B6022B20D}.Release|Any CPU.ActiveCfg = Release|x86
		{6126AD9B-089B-4A6C-B80D-B20B6022B20D}.Release|x64.ActiveCfg = Release|x64
		{6126AD9B-089B-4A6C-B80D-B20B6022B20D}.Release|x64.Build.0 = Release|x64
		{6126AD9B-089B-4A6C-B80D-B20B6022B20D}.Release|x86.ActiveCfg = Release|x86
		{6126AD9B-089B-4A6C-B80D-B20B6022B20D}.Release|x86.Build.0 = Release|x86
		{CEDC8726-ECE7-4696-BB9C-3BBF2CE65A63}.Debug|Any CPU.ActiveCfg = Debug|x86
		{CEDC8726-ECE7-4696-BB9C-3BBF2CE65A63}.Debug|x64.ActiveCfg = Debug|x64
		{CEDC8726-ECE7-4696-BB9C-3BBF2CE65A63}.Debug|x64.Build.0 = Debug|x64
		{CEDC8726-ECE7-4696-BB9C-3BBF2CE65A63}.Debug|x86.ActiveCfg = Debug|x86
		{CEDC8726-ECE7-4696-BB9C-3BBF2CE65A63}.Debug|x86.Build.0 = Debug|x86
		{CEDC8726-ECE7-4696-BB9C-3BBF2CE65A63}.Release|Any CPU.ActiveCfg = Release|x86
		{CEDC8726-ECE7-4696-BB9C-3BBF2CE65A63}.Release|x64.ActiveCfg = Release|x64
		{CEDC8726-ECE7-4696-BB9C-3BBF2CE65A63}.Release|x64.Build.0 = Release|x64
		{CEDC8726-ECE7-4696-BB9C-3BBF2CE65A63}.Release|x86.ActiveCfg = Release|x86
		{CEDC8726-ECE7-4696-BB9C-3BBF2CE65A63}.Release|x86.Build.0 = Release|x86
		{F3952DAD-BC69-49AE-A1E8-7BE0B24CBF65}.Debug|Any CPU.ActiveCfg = Debug|Any CPU
		{F3952DAD-BC69-49AE-A1E8-7BE0B24CBF65}.Debug|Any CPU.Build.0 = Debug|Any CPU
		{F3952DAD-BC69-49AE-A1E8-7BE0B24CBF65}.Debug|x64.ActiveCfg = Debug|x64
		{F3952DAD-BC69-49AE-A1E8-7BE0B24CBF65}.Debug|x64.Build.0 = Debug|x64
		{F3952DAD-BC69-49AE-A1E8-7BE0B24CBF65}.Debug|x86.ActiveCfg = Debug|x86
		{F3952DAD-BC69-49AE-A1E8-7BE0B24CBF65}.Debug|x86.Build.0 = Debug|x86
		{F3952DAD-BC69-49AE-A1E8-7BE0B24CBF65}.Release|Any CPU.ActiveCfg = Release|Any CPU
		{F3952DAD-BC69-49AE-A1E8-7BE0B24CBF65}.Release|Any CPU.Build.0 = Release|Any CPU
		{F3952DAD-BC69-49AE-A1E8-7BE0B24CBF65}.Release|x64.ActiveCfg = Release|x64
		{F3952DAD-BC69-49AE-A1E8-7BE0B24CBF65}.Release|x64.Build.0 = Release|x64
		{F3952DAD-BC69-49AE-A1E8-7BE0B24CBF65}.Release|x86.ActiveCfg = Release|x86
		{F3952DAD-BC69-49AE-A1E8-7BE0B24CBF65}.Release|x86.Build.0 = Release|x86
		{2BDA1180-4F79-4532-A339-2D1BB34C8437}.Debug|Any CPU.ActiveCfg = Debug|x86
		{2BDA1180-4F79-4532-A339-2D1BB34C8437}.Debug|x64.ActiveCfg = Debug|x64
		{2BDA1180-4F79-4532-A339-2D1BB34C8437}.Debug|x64.Build.0 = Debug|x64
		{2BDA1180-4F79-4532-A339-2D1BB34C8437}.Debug|x86.ActiveCfg = Debug|x86
		{2BDA1180-4F79-4532-A339-2D1BB34C8437}.Debug|x86.Build.0 = Debug|x86
		{2BDA1180-4F79-4532-A339-2D1BB34C8437}.Release|Any CPU.ActiveCfg = Release|x86
		{2BDA1180-4F79-4532-A339-2D1BB34C8437}.Release|x64.ActiveCfg = Release|x64
		{2BDA1180-4F79-4532-A339-2D1BB34C8437}.Release|x64.Build.0 = Release|x64
		{2BDA1180-4F79-4532-A339-2D1BB34C8437}.Release|x86.ActiveCfg = Release|x86
		{2BDA1180-4F79-4532-A339-2D1BB34C8437}.Release|x86.Build.0 = Release|x86
		{80F662E3-3499-4678-952E-BED877E98B7F}.Debug|Any CPU.ActiveCfg = Debug|x86
		{80F662E3-3499-4678-952E-BED877E98B7F}.Debug|x64.ActiveCfg = Debug|x64
		{80F662E3-3499-4678-952E-BED877E98B7F}.Debug|x64.Build.0 = Debug|x64
		{80F662E3-3499-4678-952E-BED877E98B7F}.Debug|x86.ActiveCfg = Debug|x86
		{80F662E3-3499-4678-952E-BED877E98B7F}.Debug|x86.Build.0 = Debug|x86
		{80F662E3-3499-4678-952E-BED877E98B7F}.Release|Any CPU.ActiveCfg = Release|x86
		{80F662E3-3499-4678-952E-BED877E98B7F}.Release|x64.ActiveCfg = Release|x64
		{80F662E3-3499-4678-952E-BED877E98B7F}.Release|x64.Build.0 = Release|x64
		{80F662E3-3499-4678-952E-BED877E98B7F}.Release|x86.ActiveCfg = Release|x86
		{80F662E3-3499-4678-952E-BED877E98B7F}.Release|x86.Build.0 = Release|x86
		{9839B8AE-5362-4CF4-86FD-2E51C34267AD}.Debug|Any CPU.ActiveCfg = Debug|x86
		{9839B8AE-5362-4CF4-86FD-2E51C34267AD}.Debug|x64.ActiveCfg = Debug|x64
		{9839B8AE-5362-4CF4-86FD-2E51C34267AD}.Debug|x64.Build.0 = Debug|x64
		{9839B8AE-5362-4CF4-86FD-2E51C34267AD}.Debug|x86.ActiveCfg = Debug|x86
		{9839B8AE-5362-4CF4-86FD-2E51C34267AD}.Debug|x86.Build.0 = Debug|x86
		{9839B8AE-5362-4CF4-86FD-2E51C34267AD}.Release|Any CPU.ActiveCfg = Release|x86
		{9839B8AE-5362-4CF4-86FD-2E51C34267AD}.Release|x64.ActiveCfg = Release|x64
		{9839B8AE-5362-4CF4-86FD-2E51C34267AD}.Release|x64.Build.0 = Release|x64
		{9839B8AE-5362-4CF4-86FD-2E51C34267AD}.Release|x86.ActiveCfg = Release|x86
		{9839B8AE-5362-4CF4-86FD-2E51C34267AD}.Release|x86.Build.0 = Release|x86
		{77DD675D-7440-42D9-ACA1-087AE6AD1084}.Debug|Any CPU.ActiveCfg = Debug|x86
		{77DD675D-7440-42D9-ACA1-087AE6AD1084}.Debug|x64.ActiveCfg = Debug|x64
		{77DD675D-7440-42D9-ACA1-087AE6AD1084}.Debug|x64.Build.0 = Debug|x64
		{77DD675D-7440-42D9-ACA1-087AE6AD1084}.Debug|x86.ActiveCfg = Debug|x86
		{77DD675D-7440-42D9-ACA1-087AE6AD1084}.Debug|x86.Build.0 = Debug|x86
		{77DD675D-7440-42D9-ACA1-087AE6AD1084}.Release|Any CPU.ActiveCfg = Release|x86
		{77DD675D-7440-42D9-ACA1-087AE6AD1084}.Release|x64.ActiveCfg = Release|x64
		{77DD675D-7440-42D9-ACA1-087AE6AD1084}.Release|x64.Build.0 = Release|x64
		{77DD675D-7440-42D9-ACA1-087AE6AD1084}.Release|x86.ActiveCfg = Release|x86
		{77DD675D-7440-42D9-ACA1-087AE6AD1084}.Release|x86.Build.0 = Release|x86
		{AED3A1DE-9E63-4922-A085-57176507FEE5}.Debug|Any CPU.ActiveCfg = Debug|x86
		{AED3A1DE-9E63-4922-A085-57176507FEE5}.Debug|x64.ActiveCfg = Debug|x64
		{AED3A1DE-9E63-4922-A085-57176507FEE5}.Debug|x64.Build.0 = Debug|x64
		{AED3A1DE-9E63-4922-A085-57176507FEE5}.Debug|x86.ActiveCfg = Debug|x86
		{AED3A1DE-9E63-4922-A085-57176507FEE5}.Debug|x86.Build.0 = Debug|x86
		{AED3A1DE-9E63-4922-A085-57176507FEE5}.Release|Any CPU.ActiveCfg = Release|x86
		{AED3A1DE-9E63-4922-A085-57176507FEE5}.Release|x64.ActiveCfg = Release|x64
		{AED3A1DE-9E63-4922-A085-57176507FEE5}.Release|x64.Build.0 = Release|x64
		{AED3A1DE-9E63-4922-A085-57176507FEE5}.Release|x86.ActiveCfg = Release|x86
		{AED3A1DE-9E63-4922-A085-57176507FEE5}.Release|x86.Build.0 = Release|x86
		{CB66F1F8-72F0-446F-B75F-8574AADD1FB8}.Debug|Any CPU.ActiveCfg = Debug|x86
		{CB66F1F8-72F0-446F-B75F-8574AADD1FB8}.Debug|x64.ActiveCfg = Debug|x64
		{CB66F1F8-72F0-446F-B75F-8574AADD1FB8}.Debug|x64.Build.0 = Debug|x64
		{CB66F1F8-72F0-446F-B75F-8574AADD1FB8}.Debug|x86.ActiveCfg = Debug|x86
		{CB66F1F8-72F0-446F-B75F-8574AADD1FB8}.Debug|x86.Build.0 = Debug|x86
		{CB66F1F8-72F0-446F-B75F-8574AADD1FB8}.Release|Any CPU.ActiveCfg = Release|x86
		{CB66F1F8-72F0-446F-B75F-8574AADD1FB8}.Release|x64.ActiveCfg = Release|x64
		{CB66F1F8-72F0-446F-B75F-8574AADD1FB8}.Release|x64.Build.0 = Release|x64
		{CB66F1F8-72F0-446F-B75F-8574AADD1FB8}.Release|x86.ActiveCfg = Release|x86
		{CB66F1F8-72F0-446F-B75F-8574AADD1FB8}.Release|x86.Build.0 = Release|x86
		{F96E1423-CBF8-48E8-AB91-5D6C3C752E63}.Debug|Any CPU.ActiveCfg = Debug|x86
		{F96E1423-CBF8-48E8-AB91-5D6C3C752E63}.Debug|x64.ActiveCfg = Debug|x64
		{F96E1423-CBF8-48E8-AB91-5D6C3C752E63}.Debug|x64.Build.0 = Debug|x64
		{F96E1423-CBF8-48E8-AB91-5D6C3C752E63}.Debug|x86.ActiveCfg = Debug|x86
		{F96E1423-CBF8-48E8-AB91-5D6C3C752E63}.Debug|x86.Build.0 = Debug|x86
		{F96E1423-CBF8-48E8-AB91-5D6C3C752E63}.Release|Any CPU.ActiveCfg = Release|x86
		{F96E1423-CBF8-48E8-AB91-5D6C3C752E63}.Release|x64.ActiveCfg = Release|x64
		{F96E1423-CBF8-48E8-AB91-5D6C3C752E63}.Release|x64.Build.0 = Release|x64
		{F96E1423-CBF8-48E8-AB91-5D6C3C752E63}.Release|x86.ActiveCfg = Release|x86
		{F96E1423-CBF8-48E8-AB91-5D6C3C752E63}.Release|x86.Build.0 = Release|x86
		{1EE72E2D-2A6C-4421-A971-B2665AF00E15}.Debug|Any CPU.ActiveCfg = Debug|x86
		{1EE72E2D-2A6C-4421-A971-B2665AF00E15}.Debug|x64.ActiveCfg = Debug|x64
		{1EE72E2D-2A6C-4421-A971-B2665AF00E15}.Debug|x64.Build.0 = Debug|x64
		{1EE72E2D-2A6C-4421-A971-B2665AF00E15}.Debug|x86.ActiveCfg = Debug|x86
		{1EE72E2D-2A6C-4421-A971-B2665AF00E15}.Debug|x86.Build.0 = Debug|x86
		{1EE72E2D-2A6C-4421-A971-B2665AF00E15}.Release|Any CPU.ActiveCfg = Release|x86
		{1EE72E2D-2A6C-4421-A971-B2665AF00E15}.Release|x64.ActiveCfg = Release|x64
		{1EE72E2D-2A6C-4421-A971-B2665AF00E15}.Release|x64.Build.0 = Release|x64
		{1EE72E2D-2A6C-4421-A971-B2665AF00E15}.Release|x86.ActiveCfg = Release|x86
		{1EE72E2D-2A6C-4421-A971-B2665AF00E15}.Release|x86.Build.0 = Release|x86
		{56F4568F-038F-4605-9BEF-6ED8B6FB4203}.Debug|Any CPU.ActiveCfg = Debug|x86
		{56F4568F-038F-4605-9BEF-6ED8B6FB4203}.Debug|x64.ActiveCfg = Debug|x64
		{56F4568F-038F-4605-9BEF-6ED8B6FB4203}.Debug|x64.Build.0 = Debug|x64
		{56F4568F-038F-4605-9BEF-6ED8B6FB4203}.Debug|x86.ActiveCfg = Debug|x86
		{56F4568F-038F-4605-9BEF-6ED8B6FB4203}.Debug|x86.Build.0 = Debug|x86
		{56F4568F-038F-4605-9BEF-6ED8B6FB4203}.Release|Any CPU.ActiveCfg = Release|x86
		{56F4568F-038F-4605-9BEF-6ED8B6FB4203}.Release|x64.ActiveCfg = Release|x64
		{56F4568F-038F-4605-9BEF-6ED8B6FB4203}.Release|x64.Build.0 = Release|x64
		{56F4568F-038F-4605-9BEF-6ED8B6FB4203}.Release|x86.ActiveCfg = Release|x86
		{56F4568F-038F-4605-9BEF-6ED8B6FB4203}.Release|x86.Build.0 = Release|x86
		{9DB57B2D-ECAC-4FDB-A922-3BDED16DF67C}.Debug|Any CPU.ActiveCfg = Debug|x86
		{9DB57B2D-ECAC-4FDB-A922-3BDED16DF67C}.Debug|x64.ActiveCfg = Debug|x64
		{9DB57B2D-ECAC-4FDB-A922-3BDED16DF67C}.Debug|x64.Build.0 = Debug|x64
		{9DB57B2D-ECAC-4FDB-A922-3BDED16DF67C}.Debug|x86.ActiveCfg = Debug|x86
		{9DB57B2D-ECAC-4FDB-A922-3BDED16DF67C}.Debug|x86.Build.0 = Debug|x86
		{9DB57B2D-ECAC-4FDB-A922-3BDED16DF67C}.Release|Any CPU.ActiveCfg = Release|x86
		{9DB57B2D-ECAC-4FDB-A922-3BDED16DF67C}.Release|x64.ActiveCfg = Release|x64
		{9DB57B2D-ECAC-4FDB-A922-3BDED16DF67C}.Release|x64.Build.0 = Release|x64
		{9DB57B2D-ECAC-4FDB-A922-3BDED16DF67C}.Release|x86.ActiveCfg = Release|x86
		{9DB57B2D-ECAC-4FDB-A922-3BDED16DF67C}.Release|x86.Build.0 = Release|x86
		{89234F31-8489-4538-A21D-18E2A9E45187}.Debug|Any CPU.ActiveCfg = Debug|x86
		{89234F31-8489-4538-A21D-18E2A9E45187}.Debug|x64.ActiveCfg = Debug|x64
		{89234F31-8489-4538-A21D-18E2A9E45187}.Debug|x64.Build.0 = Debug|x64
		{89234F31-8489-4538-A21D-18E2A9E45187}.Debug|x86.ActiveCfg = Debug|x86
		{89234F31-8489-4538-A21D-18E2A9E45187}.Debug|x86.Build.0 = Debug|x86
		{89234F31-8489-4538-A21D-18E2A9E45187}.Release|Any CPU.ActiveCfg = Release|x86
		{89234F31-8489-4538-A21D-18E2A9E45187}.Release|x64.ActiveCfg = Release|x64
		{89234F31-8489-4538-A21D-18E2A9E45187}.Release|x64.Build.0 = Release|x64
		{89234F31-8489-4538-A21D-18E2A9E45187}.Release|x86.ActiveCfg = Release|x86
		{89234F31-8489-4538-A21D-18E2A9E45187}.Release|x86.Build.0 = Release|x86
		{D7E1AB92-FAA0-4767-BE1F-ABAB2B672FB7}.Debug|Any CPU.ActiveCfg = Debug|x86
		{D7E1AB92-FAA0-4767-BE1F-ABAB2B672FB7}.Debug|x64.ActiveCfg = Debug|x64
		{D7E1AB92-FAA0-4767-BE1F-ABAB2B672FB7}.Debug|x64.Build.0 = Debug|x64
		{D7E1AB92-FAA0-4767-BE1F-ABAB2B672FB7}.Debug|x86.ActiveCfg = Debug|x86
		{D7E1AB92-FAA0-4767-BE1F-ABAB2B672FB7}.Debug|x86.Build.0 = Debug|x86
		{D7E1AB92-FAA0-4767-BE1F-ABAB2B672FB7}.Release|Any CPU.ActiveCfg = Release|x86
		{D7E1AB92-FAA0-4767-BE1F-ABAB2B672FB7}.Release|x64.ActiveCfg = Release|x64
		{D7E1AB92-FAA0-4767-BE1F-ABAB2B672FB7}.Release|x64.Build.0 = Release|x64
		{D7E1AB92-FAA0-4767-BE1F-ABAB2B672FB7}.Release|x86.ActiveCfg = Release|x86
		{D7E1AB92-FAA0-4767-BE1F-ABAB2B672FB7}.Release|x86.Build.0 = Release|x86
		{18AEC3E9-EA30-4BF8-A1C6-8AF5A94CE840}.Debug|Any CPU.ActiveCfg = Debug|x86
		{18AEC3E9-EA30-4BF8-A1C6-8AF5A94CE840}.Debug|x64.ActiveCfg = Debug|x64
		{18AEC3E9-EA30-4BF8-A1C6-8AF5A94CE840}.Debug|x64.Build.0 = Debug|x64
		{18AEC3E9-EA30-4BF8-A1C6-8AF5A94CE840}.Debug|x86.ActiveCfg = Debug|x86
		{18AEC3E9-EA30-4BF8-A1C6-8AF5A94CE840}.Debug|x86.Build.0 = Debug|x86
		{18AEC3E9-EA30-4BF8-A1C6-8AF5A94CE840}.Release|Any CPU.ActiveCfg = Release|x86
		{18AEC3E9-EA30-4BF8-A1C6-8AF5A94CE840}.Release|x64.ActiveCfg = Release|x64
		{18AEC3E9-EA30-4BF8-A1C6-8AF5A94CE840}.Release|x64.Build.0 = Release|x64
		{18AEC3E9-EA30-4BF8-A1C6-8AF5A94CE840}.Release|x86.ActiveCfg = Release|x86
		{18AEC3E9-EA30-4BF8-A1C6-8AF5A94CE840}.Release|x86.Build.0 = Release|x86
		{D102594E-085D-4879-AB45-AC4F125D29A3}.Debug|Any CPU.ActiveCfg = Debug|x86
		{D102594E-085D-4879-AB45-AC4F125D29A3}.Debug|x64.ActiveCfg = Debug|x64
		{D102594E-085D-4879-AB45-AC4F125D29A3}.Debug|x64.Build.0 = Debug|x64
		{D102594E-085D-4879-AB45-AC4F125D29A3}.Debug|x86.ActiveCfg = Debug|x86
		{D102594E-085D-4879-AB45-AC4F125D29A3}.Debug|x86.Build.0 = Debug|x86
		{D102594E-085D-4879-AB45-AC4F125D29A3}.Release|Any CPU.ActiveCfg = Release|x86
		{D102594E-085D-4879-AB45-AC4F125D29A3}.Release|x64.ActiveCfg = Release|x64
		{D102594E-085D-4879-AB45-AC4F125D29A3}.Release|x64.Build.0 = Release|x64
		{D102594E-085D-4879-AB45-AC4F125D29A3}.Release|x86.ActiveCfg = Release|x86
		{D102594E-085D-4879-AB45-AC4F125D29A3}.Release|x86.Build.0 = Release|x86
		{31BB74DE-A0AE-4697-A40B-866C803406AC}.Debug|Any CPU.ActiveCfg = Debug|x86
		{31BB74DE-A0AE-4697-A40B-866C803406AC}.Debug|x64.ActiveCfg = Debug|x64
		{31BB74DE-A0AE-4697-A40B-866C803406AC}.Debug|x64.Build.0 = Debug|x64
		{31BB74DE-A0AE-4697-A40B-866C803406AC}.Debug|x86.ActiveCfg = Debug|x86
		{31BB74DE-A0AE-4697-A40B-866C803406AC}.Debug|x86.Build.0 = Debug|x86
		{31BB74DE-A0AE-4697-A40B-866C803406AC}.Release|Any CPU.ActiveCfg = Release|x86
		{31BB74DE-A0AE-4697-A40B-866C803406AC}.Release|x64.ActiveCfg = Release|x64
		{31BB74DE-A0AE-4697-A40B-866C803406AC}.Release|x64.Build.0 = Release|x64
		{31BB74DE-A0AE-4697-A40B-866C803406AC}.Release|x86.ActiveCfg = Release|x86
		{31BB74DE-A0AE-4697-A40B-866C803406AC}.Release|x86.Build.0 = Release|x86
		{AFF54B97-9E3E-4839-BECB-3FD003097713}.Debug|Any CPU.ActiveCfg = Debug|Any CPU
		{AFF54B97-9E3E-4839-BECB-3FD003097713}.Debug|Any CPU.Build.0 = Debug|Any CPU
		{AFF54B97-9E3E-4839-BECB-3FD003097713}.Debug|x64.ActiveCfg = Debug|x64
		{AFF54B97-9E3E-4839-BECB-3FD003097713}.Debug|x64.Build.0 = Debug|x64
		{AFF54B97-9E3E-4839-BECB-3FD003097713}.Debug|x86.ActiveCfg = Debug|x86
		{AFF54B97-9E3E-4839-BECB-3FD003097713}.Debug|x86.Build.0 = Debug|x86
		{AFF54B97-9E3E-4839-BECB-3FD003097713}.Release|Any CPU.ActiveCfg = Release|Any CPU
		{AFF54B97-9E3E-4839-BECB-3FD003097713}.Release|Any CPU.Build.0 = Release|Any CPU
		{AFF54B97-9E3E-4839-BECB-3FD003097713}.Release|x64.ActiveCfg = Release|x64
		{AFF54B97-9E3E-4839-BECB-3FD003097713}.Release|x64.Build.0 = Release|x64
		{AFF54B97-9E3E-4839-BECB-3FD003097713}.Release|x86.ActiveCfg = Release|x86
		{AFF54B97-9E3E-4839-BECB-3FD003097713}.Release|x86.Build.0 = Release|x86
		{76C39CBA-F6A9-43F3-9B8B-503DC1B7E5C3}.Debug|Any CPU.ActiveCfg = Debug|Any CPU
		{76C39CBA-F6A9-43F3-9B8B-503DC1B7E5C3}.Debug|Any CPU.Build.0 = Debug|Any CPU
		{76C39CBA-F6A9-43F3-9B8B-503DC1B7E5C3}.Debug|x64.ActiveCfg = Debug|x64
		{76C39CBA-F6A9-43F3-9B8B-503DC1B7E5C3}.Debug|x64.Build.0 = Debug|x64
		{76C39CBA-F6A9-43F3-9B8B-503DC1B7E5C3}.Debug|x86.ActiveCfg = Debug|x86
		{76C39CBA-F6A9-43F3-9B8B-503DC1B7E5C3}.Debug|x86.Build.0 = Debug|x86
		{76C39CBA-F6A9-43F3-9B8B-503DC1B7E5C3}.Release|Any CPU.ActiveCfg = Release|Any CPU
		{76C39CBA-F6A9-43F3-9B8B-503DC1B7E5C3}.Release|Any CPU.Build.0 = Release|Any CPU
		{76C39CBA-F6A9-43F3-9B8B-503DC1B7E5C3}.Release|x64.ActiveCfg = Release|x64
		{76C39CBA-F6A9-43F3-9B8B-503DC1B7E5C3}.Release|x64.Build.0 = Release|x64
		{76C39CBA-F6A9-43F3-9B8B-503DC1B7E5C3}.Release|x86.ActiveCfg = Release|x86
		{76C39CBA-F6A9-43F3-9B8B-503DC1B7E5C3}.Release|x86.Build.0 = Release|x86
	EndGlobalSection
	GlobalSection(SolutionProperties) = preSolution
		HideSolutionNode = FALSE
	EndGlobalSection
	GlobalSection(NestedProjects) = preSolution
		{FA7D06D0-C0CC-49BA-B3CB-8B0F99863472} = {0B68CE42-4F1F-48F8-861F-8B48148B7408}
		{95DBE9FE-4104-4FCD-809A-4EEB1379A67B} = {0B68CE42-4F1F-48F8-861F-8B48148B7408}
		{9DC13552-85E5-4D8C-AFAD-A85640E676B6} = {0B68CE42-4F1F-48F8-861F-8B48148B7408}
		{312104D3-CD3B-48DF-B3A7-9FAACED5C730} = {95DBE9FE-4104-4FCD-809A-4EEB1379A67B}
		{8DED118E-19E8-456C-A48F-621C098482AE} = {9DC13552-85E5-4D8C-AFAD-A85640E676B6}
		{62276D51-5501-4B97-AC96-BB4E6EC2A58B} = {95DBE9FE-4104-4FCD-809A-4EEB1379A67B}
		{62593A87-9A80-4917-B56C-49AD8D28ED0D} = {9DC13552-85E5-4D8C-AFAD-A85640E676B6}
		{5D6F1452-B969-4110-8521-CF1FE3C9597B} = {95DBE9FE-4104-4FCD-809A-4EEB1379A67B}
		{471C9F8E-4806-42F6-A8D9-6585B9D393FD} = {95DBE9FE-4104-4FCD-809A-4EEB1379A67B}
		{F7554A93-7D3E-4985-8FE0-493F3B955AF8} = {95DBE9FE-4104-4FCD-809A-4EEB1379A67B}
		{910DB75B-E9CE-4B76-A1A3-737B0E131CCD} = {95DBE9FE-4104-4FCD-809A-4EEB1379A67B}
		{6126AD9B-089B-4A6C-B80D-B20B6022B20D} = {95DBE9FE-4104-4FCD-809A-4EEB1379A67B}
		{CEDC8726-ECE7-4696-BB9C-3BBF2CE65A63} = {95DBE9FE-4104-4FCD-809A-4EEB1379A67B}
		{F3952DAD-BC69-49AE-A1E8-7BE0B24CBF65} = {95DBE9FE-4104-4FCD-809A-4EEB1379A67B}
		{2BDA1180-4F79-4532-A339-2D1BB34C8437} = {9DC13552-85E5-4D8C-AFAD-A85640E676B6}
		{80F662E3-3499-4678-952E-BED877E98B7F} = {95DBE9FE-4104-4FCD-809A-4EEB1379A67B}
		{9839B8AE-5362-4CF4-86FD-2E51C34267AD} = {95DBE9FE-4104-4FCD-809A-4EEB1379A67B}
		{77DD675D-7440-42D9-ACA1-087AE6AD1084} = {95DBE9FE-4104-4FCD-809A-4EEB1379A67B}
		{AED3A1DE-9E63-4922-A085-57176507FEE5} = {95DBE9FE-4104-4FCD-809A-4EEB1379A67B}
		{54861C91-0A66-4193-B24C-4CF6D6F059E7} = {71132F70-4534-47ED-B4FE-1854C1C4B84D}
		{FFC06B6F-EEF3-48B7-9374-82D74D849F65} = {71132F70-4534-47ED-B4FE-1854C1C4B84D}
		{CB66F1F8-72F0-446F-B75F-8574AADD1FB8} = {71132F70-4534-47ED-B4FE-1854C1C4B84D}
		{F96E1423-CBF8-48E8-AB91-5D6C3C752E63} = {FFC06B6F-EEF3-48B7-9374-82D74D849F65}
		{1EE72E2D-2A6C-4421-A971-B2665AF00E15} = {FFC06B6F-EEF3-48B7-9374-82D74D849F65}
		{56F4568F-038F-4605-9BEF-6ED8B6FB4203} = {FFC06B6F-EEF3-48B7-9374-82D74D849F65}
		{9DB57B2D-ECAC-4FDB-A922-3BDED16DF67C} = {54861C91-0A66-4193-B24C-4CF6D6F059E7}
		{89234F31-8489-4538-A21D-18E2A9E45187} = {FFC06B6F-EEF3-48B7-9374-82D74D849F65}
		{D7E1AB92-FAA0-4767-BE1F-ABAB2B672FB7} = {54861C91-0A66-4193-B24C-4CF6D6F059E7}
		{1780A763-977E-4523-90AD-4944EB7D8464} = {71132F70-4534-47ED-B4FE-1854C1C4B84D}
		{18AEC3E9-EA30-4BF8-A1C6-8AF5A94CE840} = {1780A763-977E-4523-90AD-4944EB7D8464}
		{022E26C9-1F45-4C0C-BA07-943B1247AAAF} = {71132F70-4534-47ED-B4FE-1854C1C4B84D}
		{D102594E-085D-4879-AB45-AC4F125D29A3} = {022E26C9-1F45-4C0C-BA07-943B1247AAAF}
		{31BB74DE-A0AE-4697-A40B-866C803406AC} = {95DBE9FE-4104-4FCD-809A-4EEB1379A67B}
		{AFF54B97-9E3E-4839-BECB-3FD003097713} = {95DBE9FE-4104-4FCD-809A-4EEB1379A67B}
		{76C39CBA-F6A9-43F3-9B8B-503DC1B7E5C3} = {FFC06B6F-EEF3-48B7-9374-82D74D849F65}
	EndGlobalSection
EndGlobal
